
Microsoft Visual Studio Solution File, Format Version 12.00
# Visual Studio Version 17
VisualStudioVersion = 17.5.33627.172
MinimumVisualStudioVersion = 10.0.40219.1
Project("{FAE04EC0-301F-11D3-BF4B-00C04F79EFBC}") = "RecodedMusicPlayer", "RecodedMusicPlayer.csproj", "{CA9274A1-7F83-466D-8034-2DCA5D02F19E}"
EndProject
Global
	GlobalSection(SolutionConfigurationPlatforms) = preSolution
		Debug|Any CPU = Debug|Any CPU
		Release|Any CPU = Release|Any CPU
	EndGlobalSection
	GlobalSection(ProjectConfigurationPlatforms) = postSolution
		{CA9274A1-7F83-466D-8034-2DCA5D02F19E}.Debug|Any CPU.ActiveCfg = Debug|Any CPU
		{CA9274A1-7F83-466D-8034-2DCA5D02F19E}.Debug|Any CPU.Build.0 = Debug|Any CPU
		{CA9274A1-7F83-466D-8034-2DCA5D02F19E}.Release|Any CPU.ActiveCfg = Release|Any CPU
		{CA9274A1-7F83-466D-8034-2DCA5D02F19E}.Release|Any CPU.Build.0 = Release|Any CPU
	EndGlobalSection
	GlobalSection(SolutionProperties) = preSolution
		HideSolutionNode = FALSE
	EndGlobalSection
	GlobalSection(ExtensibilityGlobals) = postSolution
		SolutionGuid = {58E65FA6-9D90-4470-9468-453EE7812101}
	EndGlobalSection
EndGlobal
